
Microsoft Visual Studio Solution File, Format Version 12.00
# Visual Studio Version 16
VisualStudioVersion = 16.0.30907.101
MinimumVisualStudioVersion = 10.0.40219.1
Project("{FAE04EC0-301F-11D3-BF4B-00C04F79EFBC}") = "Console_ListOfObjects", "Console_ListOfObjects\Console_ListOfObjects.csproj", "{E6398978-AA5C-4AC6-8ACD-B3943174291D}"
EndProject
Global
	GlobalSection(SolutionConfigurationPlatforms) = preSolution
		Debug|Any CPU = Debug|Any CPU
		Release|Any CPU = Release|Any CPU
	EndGlobalSection
	GlobalSection(ProjectConfigurationPlatforms) = postSolution
		{E6398978-AA5C-4AC6-8ACD-B3943174291D}.Debug|Any CPU.ActiveCfg = Debug|Any CPU
		{E6398978-AA5C-4AC6-8ACD-B3943174291D}.Debug|Any CPU.Build.0 = Debug|Any CPU
		{E6398978-AA5C-4AC6-8ACD-B3943174291D}.Release|Any CPU.ActiveCfg = Release|Any CPU
		{E6398978-AA5C-4AC6-8ACD-B3943174291D}.Release|Any CPU.Build.0 = Release|Any CPU
	EndGlobalSection
	GlobalSection(SolutionProperties) = preSolution
		HideSolutionNode = FALSE
	EndGlobalSection
	GlobalSection(ExtensibilityGlobals) = postSolution
		SolutionGuid = {6BB4D231-8C79-4FE8-9356-951DF5868953}
	EndGlobalSection
EndGlobal
